<?xml version="1.0" encoding="utf-8"?>
<Project ToolsVersion="4.0" xmlns="http://schemas.microsoft.com/developer/msbuild/2003">
  <ItemGroup>
    <Filter Include="Source Files">
      <UniqueIdentifier>{4FC737F1-C7A5-4376-A066-2A32D752A2FF}</UniqueIdentifier>
      <Extensions>cpp;c;cc;cxx;def;odl;idl;hpj;bat;asm;asmx</Extensions>
    </Filter>
    <Filter Include="Header Files">
      <UniqueIdentifier>{93995380-89BD-4b04-88EB-625FBE52EBFB}</UniqueIdentifier>
      <Extensions>h;hh;hpp;hxx;hm;inl;inc;ipp;xsd</Extensions>
    </Filter>
    <Filter Include="Resource Files">
      <UniqueIdentifier>{67DA6AB6-F800-4c08-8B7A-83BB121AAD01}</UniqueIdentifier>
      <Extensions>rc;ico;cur;bmp;dlg;rc2;rct;bin;rgs;gif;jpg;jpeg;jpe;resx;tiff;tif;png;wav;mfcribbon-ms</Extensions>
    </Filter>
  </ItemGroup>
  <ItemGroup>
    <ClCompile Include="Source_code.cpp">
      <Filter>Source Files</Filter>
    </ClCompile>
    <ClCompile Include="project_structure_c++_model.cpp">
      <Filter>Source Files</Filter>
    </ClCompile>
    <ClCompile Include="0010_intro_function.cpp">
      <Filter>Source Files</Filter>
    </ClCompile>
    <ClCompile Include="0009_convention_style_guide.cpp">
      <Filter>Source Files</Filter>
    </ClCompile>
    <ClCompile Include="0008_user_input_cin.cpp">
      <Filter>Source Files</Filter>
    </ClCompile>
    <ClCompile Include="0007_variables_cout.cpp">
      <Filter>Source Files</Filter>
    </ClCompile>
    <ClCompile Include="0006_Variable_declaration_initialization.cpp">
      <Filter>Source Files</Filter>
    </ClCompile>
    <ClCompile Include="0005_Using_directive_declaration.cpp">
      <Filter>Source Files</Filter>
    </ClCompile>
    <ClCompile Include="0004_Concept_more.cpp">
      <Filter>Source Files</Filter>
    </ClCompile>
    <ClCompile Include="0003_Concept.cpp">
      <Filter>Source Files</Filter>
    </ClCompile>
    <ClCompile Include="0002_Installing.cpp">
      <Filter>Source Files</Filter>
    </ClCompile>
    <ClCompile Include="0001_intro.cpp">
      <Filter>Source Files</Filter>
    </ClCompile>
    <ClCompile Include="0011_intro_to_custome_function.cpp">
      <Filter>Source Files</Filter>
    </ClCompile>
    <ClCompile Include="0012_using_functions.cpp">
      <Filter>Source Files</Filter>
    </ClCompile>
    <ClCompile Include="0013_creating_custome_function.cpp">
      <Filter>Source Files</Filter>
    </ClCompile>
    <ClCompile Include="0014_creating_void_function.cpp">
      <Filter>Source Files</Filter>
    </ClCompile>
    <ClCompile Include="0015_intro_data_type.cpp">
      <Filter>Source Files</Filter>
    </ClCompile>
    <ClCompile Include="0016_integral_signed_vs_unsigned.cpp">
      <Filter>Source Files</Filter>
    </ClCompile>
    <ClCompile Include="0017_integral_data_type_sizeof_climit.cpp">
      <Filter>Source Files</Filter>
    </ClCompile>
    <ClCompile Include="0018_char_data_type.cpp">
      <Filter>Source Files</Filter>
    </ClCompile>
    <ClCompile Include="0019_escape_sequences.cpp">
      <Filter>Source Files</Filter>
    </ClCompile>
    <ClCompile Include="0020_bool_data_type.cpp">
      <Filter>Source Files</Filter>
    </ClCompile>
    <ClCompile Include="0021_floating_point_numbers.cpp">
      <Filter>Source Files</Filter>
    </ClCompile>
    <ClCompile Include="0022_constants_const_macro_enum.cpp">
      <Filter>Source Files</Filter>
    </ClCompile>
    <ClCompile Include="0023_numeric_function.cpp">
      <Filter>Source Files</Filter>
    </ClCompile>
    <ClCompile Include="0024_string_class_c_string.cpp">
      <Filter>Source Files</Filter>
    </ClCompile>
    <ClCompile Include="0025_getline_for_string.cpp">
      <Filter>Source Files</Filter>
    </ClCompile>
    <ClCompile Include="0026_string_modifier_methods.cpp">
      <Filter>Source Files</Filter>
    </ClCompile>
    <ClCompile Include="0027_string_operation_methods.cpp">
      <Filter>Source Files</Filter>
    </ClCompile>
    <ClCompile Include="0028_literals.cpp">
      <Filter>Source Files</Filter>
    </ClCompile>
    <ClCompile Include="0029_hex_octal.cpp">
      <Filter>Source Files</Filter>
    </ClCompile>
    <ClCompile Include="0030_operator_precedence_associativity.cpp">
      <Filter>Source Files</Filter>
    </ClCompile>
    <ClCompile Include="0031_reviewing_key_consepts.cpp">
      <Filter>Source Files</Filter>
    </ClCompile>
    <ClCompile Include="0032_control_flow.cpp">
      <Filter>Source Files</Filter>
    </ClCompile>
    <ClCompile Include="0033_if_statement_practice.cpp">
      <Filter>Source Files</Filter>
    </ClCompile>
    <ClCompile Include="0034_logical_comparison_operation.cpp">
      <Filter>Source Files</Filter>
    </ClCompile>
    <ClCompile Include="0035_switch_statement_and_enum.cpp">
      <Filter>Source Files</Filter>
    </ClCompile>
    <ClCompile Include="0036_intro_to_loops.cpp">
      <Filter>Source Files</Filter>
    </ClCompile>
    <ClCompile Include="0037_for_loops.cpp">
      <Filter>Source Files</Filter>
    </ClCompile>
    <ClCompile Include="0038_while_loop_factorial_calculation.cpp">
      <Filter>Source Files</Filter>
    </ClCompile>
    <ClCompile Include="0039_do_while_loop.cpp">
      <Filter>Source Files</Filter>
    </ClCompile>
    <ClCompile Include="0040_break_and_continue.cpp">
      <Filter>Source Files</Filter>
    </ClCompile>
    <ClCompile Include="0041_conditional_operator_ternary_operator.cpp">
      <Filter>Source Files</Filter>
    </ClCompile>
    <ClCompile Include="0042_intro_to_out_app.cpp">
      <Filter>Source Files</Filter>
    </ClCompile>
    <ClCompile Include="0043_creating_menu.cpp">
      <Filter>Source Files</Filter>
    </ClCompile>
    <ClCompile Include="0044_creating_guessing_game.cpp">
      <Filter>Source Files</Filter>
    </ClCompile>
    <ClCompile Include="0045_intro_arrays_and_vectors.cpp">
      <Filter>Source Files</Filter>
    </ClCompile>
    <ClCompile Include="0046_working_with_arrays.cpp">
      <Filter>Source Files</Filter>
    </ClCompile>
    <ClCompile Include="0047_passing_arrays_to_functions.cpp">
      <Filter>Source Files</Filter>
    </ClCompile>
    <ClCompile Include="0048_fill_array_from_input.cpp">
      <Filter>Source Files</Filter>
    </ClCompile>
    <ClCompile Include="0049_using_array_to_track_guesses.cpp">
      <Filter>Source Files</Filter>
    </ClCompile>
    <ClCompile Include="0050_intro_to_vectors.cpp">
      <Filter>Source Files</Filter>
    </ClCompile>
    <ClCompile Include="0051_creating_vectors.cpp">
      <Filter>Source Files</Filter>
    </ClCompile>
    <ClCompile Include="0052_passing_vectors_to_function.cpp">
      <Filter>Source Files</Filter>
    </ClCompile>
    <ClCompile Include="0053_refactor_guessing_game_using_vectors.cpp">
      <Filter>Source Files</Filter>
    </ClCompile>
    <ClCompile Include="0054_STL_array.cpp">
      <Filter>Source Files</Filter>
    </ClCompile>
    <ClCompile Include="0055_TSL_arrays_practice.cpp">
      <Filter>Source Files</Filter>
    </ClCompile>
    <ClCompile Include="0056_refactor_guessing_game.cpp">
      <Filter>Source Files</Filter>
    </ClCompile>
    <ClCompile Include="0057_array_vector_STLarray.cpp">
      <Filter>Source Files</Filter>
    </ClCompile>
    <ClCompile Include="0058_range _based_for_loop.cpp">
      <Filter>Source Files</Filter>
    </ClCompile>
    <ClCompile Include="0059_intro_to_IO_streams.cpp">
      <Filter>Source Files</Filter>
    </ClCompile>
    <ClCompile Include="0060_writing_to_files_with_ofstream.cpp">
      <Filter>Source Files</Filter>
    </ClCompile>
    <ClCompile Include="0061_reading_from_file_ifstream.cpp">
      <Filter>Source Files</Filter>
    </ClCompile>
    <ClCompile Include="0062_saving_high_scores_to_file.cpp">
      <Filter>Source Files</Filter>
    </ClCompile>
    <ClCompile Include="0063_function_and_constructors.cpp">
      <Filter>Source Files</Filter>
    </ClCompile>
    <ClCompile Include="0064_refactoring_IO_to_function_call_and_testing.cpp">
      <Filter>Source Files</Filter>
    </ClCompile>
    <ClCompile Include="0065_multidimension_arrays_and_nested_vectors.cpp">
      <Filter>Source Files</Filter>
    </ClCompile>
    <ClCompile Include="0066_const_modifier.cpp">
      <Filter>Source Files</Filter>
    </ClCompile>
    <ClCompile Include="0067_pass_by_reference_pass_by_value.cpp">
      <Filter>Source Files</Filter>
    </ClCompile>
    <ClCompile Include="0068_swap_function_passed_by_reference.cpp">
      <Filter>Source Files</Filter>
    </ClCompile>
    <ClCompile Include="0069_intro_to_function_overloading.cpp">
      <Filter>Source Files</Filter>
    </ClCompile>
    <ClCompile Include="0070_function_overloading_example.cpp">
      <Filter>Source Files</Filter>
    </ClCompile>
    <ClCompile Include="0071_default_argument.cpp">
      <Filter>Source Files</Filter>
    </ClCompile>
    <ClCompile Include="0072_into_to_multifile_compilation.cpp">
      <Filter>Source Files</Filter>
    </ClCompile>
    <ClCompile Include="0074_makefiles.cpp">
      <Filter>Source Files</Filter>
    </ClCompile>
    <ClCompile Include="0075_makefile_example.cpp">
      <Filter>Source Files</Filter>
    </ClCompile>
    <ClCompile Include="makefile">
      <Filter>Source Files</Filter>
    </ClCompile>
    <ClCompile Include="0076_intro_to_namespaces.cpp">
      <Filter>Source Files</Filter>
    </ClCompile>
    <ClCompile Include="0077_creating_namespace.cpp">
      <Filter>Source Files</Filter>
    </ClCompile>
    <ClCompile Include="0078_intro_to_function_template.cpp">
      <Filter>Source Files</Filter>
    </ClCompile>
    <ClCompile Include="0079_creating_function_template.cpp">
      <Filter>Source Files</Filter>
    </ClCompile>
    <ClCompile Include="0081_intro_to_object_oriented_programing.cpp">
      <Filter>Source Files</Filter>
    </ClCompile>
    <ClCompile Include="0082_intro_to_structs.cpp">
      <Filter>Source Files</Filter>
    </ClCompile>
    <ClCompile Include="0083_creating_structs.cpp">
      <Filter>Source Files</Filter>
    </ClCompile>
    <ClCompile Include="0084_classes_and_objects.cpp">
      <Filter>Source Files</Filter>
    </ClCompile>
    <ClCompile Include="0085_classes_and_objects.cpp">
      <Filter>Source Files</Filter>
    </ClCompile>
    <ClCompile Include="0086_working_with_objects.cpp">
      <Filter>Source Files</Filter>
    </ClCompile>
    <ClCompile Include="0087_intro_to_constructors.cpp">
      <Filter>Source Files</Filter>
    </ClCompile>
    <ClCompile Include="0088_constructors_and_destructors.cpp">
      <Filter>Source Files</Filter>
    </ClCompile>
    <ClCompile Include="0089_encapsulation.cpp">
      <Filter>Source Files</Filter>
    </ClCompile>
    <ClCompile Include="0090_getter_and_setter.cpp">
      <Filter>Source Files</Filter>
    </ClCompile>
    <ClCompile Include="0091_static_data_member.cpp">
      <Filter>Source Files</Filter>
    </ClCompile>
    <ClCompile Include="0092_intro_to_operator_overloading.cpp">
      <Filter>Source Files</Filter>
    </ClCompile>
    <ClCompile Include="0094_overloading_insertion_and_extraction_operator.cpp">
      <Filter>Source Files</Filter>
    </ClCompile>
    <ClCompile Include="0093_operator_overloadin_==_and_+.cpp">
      <Filter>Source Files</Filter>
    </ClCompile>
    <ClCompile Include="0095_friend_function_and_operator_overloading.cpp">
      <Filter>Source Files</Filter>
    </ClCompile>
    <ClCompile Include="0099_polymorphism.cpp">
      <Filter>Source Files</Filter>
    </ClCompile>
    <ClCompile Include="0098_base_classes_and_subclasses_inheritance.cpp">
      <Filter>Source Files</Filter>
    </ClCompile>
  </ItemGroup>
  <ItemGroup>
    <Text Include="Reading.txt">
      <Filter>Source Files</Filter>
    </Text>
    <Text Include="high_score_records.txt" />
  </ItemGroup>
  <ItemGroup>
    <None Include="0080_overloading_function_template.cpp">
      <Filter>Source Files</Filter>
    </None>
    <None Include="..\0096_class_across_files_multifile_compilation\0097_inheritance_and_polymorphism.cpp">
      <Filter>Source Files</Filter>
    </None>
  </ItemGroup>
</Project>