<?xml version="1.0" encoding="utf-8"?>
<Project ToolsVersion="4.0" xmlns="http://schemas.microsoft.com/developer/msbuild/2003">
  <ItemGroup>
    <Filter Include="Source Files">
      <UniqueIdentifier>{4FC737F1-C7A5-4376-A066-2A32D752A2FF}</UniqueIdentifier>
      <Extensions>cpp;c;cc;cxx;def;odl;idl;hpj;bat;asm;asmx</Extensions>
    </Filter>
    <Filter Include="Header Files">
      <UniqueIdentifier>{93995380-89BD-4b04-88EB-625FBE52EBFB}</UniqueIdentifier>
      <Extensions>h;hh;hpp;hxx;hm;inl;inc;ipp;xsd</Extensions>
    </Filter>
    <Filter Include="Resource Files">
      <UniqueIdentifier>{67DA6AB6-F800-4c08-8B7A-83BB121AAD01}</UniqueIdentifier>
      <Extensions>rc;ico;cur;bmp;dlg;rc2;rct;bin;rgs;gif;jpg;jpeg;jpe;resx;tiff;tif;png;wav;mfcribbon-ms</Extensions>
    </Filter>
  </ItemGroup>
  <ItemGroup>
    <ClCompile Include="Source_code.cpp">
      <Filter>Source Files</Filter>
    </ClCompile>
    <ClCompile Include="project_structure_c++_model.cpp">
      <Filter>Source Files</Filter>
    </ClCompile>
    <ClCompile Include="0010_intro_function.cpp">
      <Filter>Source Files</Filter>
    </ClCompile>
    <ClCompile Include="0009_convention_style_guide.cpp">
      <Filter>Source Files</Filter>
    </ClCompile>
    <ClCompile Include="0008_user_input_cin.cpp">
      <Filter>Source Files</Filter>
    </ClCompile>
    <ClCompile Include="0007_variables_cout.cpp">
      <Filter>Source Files</Filter>
    </ClCompile>
    <ClCompile Include="0006_Variable_declaration_initialization.cpp">
      <Filter>Source Files</Filter>
    </ClCompile>
    <ClCompile Include="0005_Using_directive_declaration.cpp">
      <Filter>Source Files</Filter>
    </ClCompile>
    <ClCompile Include="0004_Concept_more.cpp">
      <Filter>Source Files</Filter>
    </ClCompile>
    <ClCompile Include="0003_Concept.cpp">
      <Filter>Source Files</Filter>
    </ClCompile>
    <ClCompile Include="0002_Installing.cpp">
      <Filter>Source Files</Filter>
    </ClCompile>
    <ClCompile Include="0001_intro.cpp">
      <Filter>Source Files</Filter>
    </ClCompile>
    <ClCompile Include="0011_intro_to_custome_function.cpp">
      <Filter>Source Files</Filter>
    </ClCompile>
    <ClCompile Include="0012_using_functions.cpp">
      <Filter>Source Files</Filter>
    </ClCompile>
    <ClCompile Include="0013_creating_custome_function.cpp">
      <Filter>Source Files</Filter>
    </ClCompile>
    <ClCompile Include="0014_creating_void_function.cpp">
      <Filter>Source Files</Filter>
    </ClCompile>
    <ClCompile Include="0015_intro_data_type.cpp">
      <Filter>Source Files</Filter>
    </ClCompile>
    <ClCompile Include="0016_integral_signed_vs_unsigned.cpp">
      <Filter>Source Files</Filter>
    </ClCompile>
    <ClCompile Include="0017_integral_data_type_sizeof_climit.cpp">
      <Filter>Source Files</Filter>
    </ClCompile>
    <ClCompile Include="0018_char_data_type.cpp">
      <Filter>Source Files</Filter>
    </ClCompile>
    <ClCompile Include="0019_escape_sequences.cpp">
      <Filter>Source Files</Filter>
    </ClCompile>
    <ClCompile Include="0020_bool_data_type.cpp">
      <Filter>Source Files</Filter>
    </ClCompile>
    <ClCompile Include="0021_floating_point_numbers.cpp">
      <Filter>Source Files</Filter>
    </ClCompile>
    <ClCompile Include="0022_constants_const_macro_enum.cpp">
      <Filter>Source Files</Filter>
    </ClCompile>
    <ClCompile Include="0023_numeric_function.cpp">
      <Filter>Source Files</Filter>
    </ClCompile>
    <ClCompile Include="0024_string_class_c_string.cpp">
      <Filter>Source Files</Filter>
    </ClCompile>
    <ClCompile Include="0025_getline_for_string.cpp">
      <Filter>Source Files</Filter>
    </ClCompile>
    <ClCompile Include="0026_string_modifier_methods.cpp">
      <Filter>Source Files</Filter>
    </ClCompile>
    <ClCompile Include="0027_string_operation_methods.cpp">
      <Filter>Source Files</Filter>
    </ClCompile>
    <ClCompile Include="0028_literals.cpp">
      <Filter>Source Files</Filter>
    </ClCompile>
    <ClCompile Include="0029_hex_octal.cpp">
      <Filter>Source Files</Filter>
    </ClCompile>
    <ClCompile Include="0030_operator_precedence_associativity.cpp">
      <Filter>Source Files</Filter>
    </ClCompile>
    <ClCompile Include="0031_reviewing_key_consepts.cpp">
      <Filter>Source Files</Filter>
    </ClCompile>
    <ClCompile Include="0032_control_flow.cpp">
      <Filter>Source Files</Filter>
    </ClCompile>
    <ClCompile Include="0033_if_statement_practice.cpp">
      <Filter>Source Files</Filter>
    </ClCompile>
    <ClCompile Include="0034_logical_comparison_operation.cpp">
      <Filter>Source Files</Filter>
    </ClCompile>
    <ClCompile Include="0035_switch_statement_and_enum.cpp">
      <Filter>Source Files</Filter>
    </ClCompile>
    <ClCompile Include="0036_intro_to_loops.cpp">
      <Filter>Source Files</Filter>
    </ClCompile>
    <ClCompile Include="0037_for_loops.cpp">
      <Filter>Source Files</Filter>
    </ClCompile>
    <ClCompile Include="0038_while_loop_factorial_calculation.cpp">
      <Filter>Source Files</Filter>
    </ClCompile>
    <ClCompile Include="0039_do_while_loop.cpp">
      <Filter>Source Files</Filter>
    </ClCompile>
    <ClCompile Include="0040_break_and_continue.cpp">
      <Filter>Source Files</Filter>
    </ClCompile>
    <ClCompile Include="0041_conditional_operator_ternary_operator.cpp">
      <Filter>Source Files</Filter>
    </ClCompile>
    <ClCompile Include="0042_intro_to_out_app.cpp">
      <Filter>Source Files</Filter>
    </ClCompile>
    <ClCompile Include="0043_creating_menu.cpp">
      <Filter>Source Files</Filter>
    </ClCompile>
    <ClCompile Include="0044_creating_guessing_game.cpp">
      <Filter>Source Files</Filter>
    </ClCompile>
    <ClCompile Include="0045_intro_arrays_and_vectors.cpp">
      <Filter>Source Files</Filter>
    </ClCompile>
    <ClCompile Include="0046_working_with_arrays.cpp">
      <Filter>Source Files</Filter>
    </ClCompile>
    <ClCompile Include="0047_passing_arrays_to_functions.cpp">
      <Filter>Source Files</Filter>
    </ClCompile>
    <ClCompile Include="0048_fill_array_from_input.cpp">
      <Filter>Source Files</Filter>
    </ClCompile>
    <ClCompile Include="0049_using_array_to_track_guesses.cpp">
      <Filter>Source Files</Filter>
    </ClCompile>
    <ClCompile Include="0050_intro_to_vectors.cpp">
      <Filter>Source Files</Filter>
    </ClCompile>
    <ClCompile Include="0051_creating_vectors.cpp">
      <Filter>Source Files</Filter>
    </ClCompile>
    <ClCompile Include="0052_passing_vectors_to_function.cpp">
      <Filter>Source Files</Filter>
    </ClCompile>
    <ClCompile Include="0053_refactor_guessing_game_using_vectors.cpp">
      <Filter>Source Files</Filter>
    </ClCompile>
    <ClCompile Include="0054_STL_array.cpp">
      <Filter>Source Files</Filter>
    </ClCompile>
    <ClCompile Include="0055_TSL_arrays_practice.cpp">
      <Filter>Source Files</Filter>
    </ClCompile>
    <ClCompile Include="0056_refactor_guessing_game.cpp">
      <Filter>Source Files</Filter>
    </ClCompile>
    <ClCompile Include="0057_array_vector_STLarray.cpp">
      <Filter>Source Files</Filter>
    </ClCompile>
    <ClCompile Include="0058_range _based_for_loop.cpp">
      <Filter>Source Files</Filter>
    </ClCompile>
    <ClCompile Include="0059_intro_to_IO_streams.cpp">
      <Filter>Source Files</Filter>
    </ClCompile>
  </ItemGroup>
</Project>